<Solution>
  <Folder Name="/Solution Items/">
    <File Path="README.md" />
    <File Path="CLAUDE.md" />
    <File Path="Dockerfile" />
  </Folder>
  <Folder Name="/src/">
    <Project Path="src/LupiraTasksBff/LupiraTasksBff.csproj" />
  </Folder>
  <Folder Name="/tests/">
    <Project Path="tests/LupiraTasksBff.UnitTests/LupiraTasksBff.UnitTests.csproj" />
  </Folder>
</Solution>
